// !$*UTF8*$!
{
	archiveVersion = 1;
	classes = {
	};
	objectVersion = 56;
	objects = {

/* Begin PBXBuildFile section */
		C453B08128E284A50042B671 /* mwDiaryApp.swift in Sources */ = {isa = PBXBuildFile; fileRef = C453B08028E284A50042B671 /* mwDiaryApp.swift */; };
		C453B08628E284A50042B671 /* mwDiary.xcdatamodeld in Sources */ = {isa = PBXBuildFile; fileRef = C453B08428E284A50042B671 /* mwDiary.xcdatamodeld */; };
		C453B08A28E284A80042B671 /* Assets.xcassets in Resources */ = {isa = PBXBuildFile; fileRef = C453B08928E284A80042B671 /* Assets.xcassets */; };
		C453B08E28E284A80042B671 /* Preview Assets.xcassets in Resources */ = {isa = PBXBuildFile; fileRef = C453B08D28E284A80042B671 /* Preview Assets.xcassets */; };
		C453B0D328E285230042B671 /* mmDiaryStore.storekit in Resources */ = {isa = PBXBuildFile; fileRef = C453B0B128E285220042B671 /* mmDiaryStore.storekit */; };
		C453B0D428E285230042B671 /* write.json in Resources */ = {isa = PBXBuildFile; fileRef = C453B0B328E285220042B671 /* write.json */; };
		C453B0D528E285230042B671 /* hi.json in Resources */ = {isa = PBXBuildFile; fileRef = C453B0B428E285220042B671 /* hi.json */; };
		C453B0D628E285230042B671 /* Store.swift in Sources */ = {isa = PBXBuildFile; fileRef = C453B0B528E285220042B671 /* Store.swift */; };
		C453B0D728E285230042B671 /* MyTextFieldWithUIKit.swift in Sources */ = {isa = PBXBuildFile; fileRef = C453B0B728E285220042B671 /* MyTextFieldWithUIKit.swift */; };
		C453B0D828E285230042B671 /* DiaryCardView.swift in Sources */ = {isa = PBXBuildFile; fileRef = C453B0B828E285220042B671 /* DiaryCardView.swift */; };
		C453B0D928E285230042B671 /* DiaryListView.swift in Sources */ = {isa = PBXBuildFile; fileRef = C453B0B928E285220042B671 /* DiaryListView.swift */; };
		C453B0DA28E285230042B671 /* ToastAlertView.swift in Sources */ = {isa = PBXBuildFile; fileRef = C453B0BA28E285220042B671 /* ToastAlertView.swift */; };
		C453B0DB28E285230042B671 /* MyDatePicker.swift in Sources */ = {isa = PBXBuildFile; fileRef = C453B0BB28E285220042B671 /* MyDatePicker.swift */; };
		C453B0DC28E285230042B671 /* DiaryCardLayOutView.swift in Sources */ = {isa = PBXBuildFile; fileRef = C453B0BC28E285220042B671 /* DiaryCardLayOutView.swift */; };
		C453B0DD28E285230042B671 /* DiaryEditView.swift in Sources */ = {isa = PBXBuildFile; fileRef = C453B0BD28E285220042B671 /* DiaryEditView.swift */; };
		C453B0DE28E285230042B671 /* AppIcon.swift in Sources */ = {isa = PBXBuildFile; fileRef = C453B0BF28E285220042B671 /* AppIcon.swift */; };
		C453B0DF28E285230042B671 /* PreferenceKey.swift in Sources */ = {isa = PBXBuildFile; fileRef = C453B0C028E285220042B671 /* PreferenceKey.swift */; };
		C453B0E028E285230042B671 /* Tab.swift in Sources */ = {isa = PBXBuildFile; fileRef = C453B0C128E285220042B671 /* Tab.swift */; };
		C453B0E128E285230042B671 /* MyDefaultValue.swift in Sources */ = {isa = PBXBuildFile; fileRef = C453B0C328E285230042B671 /* MyDefaultValue.swift */; };
		C453B0E228E285230042B671 /* Color+.swift in Sources */ = {isa = PBXBuildFile; fileRef = C453B0C428E285230042B671 /* Color+.swift */; };
		C453B0E328E285230042B671 /* MyFormatter.swift in Sources */ = {isa = PBXBuildFile; fileRef = C453B0C528E285230042B671 /* MyFormatter.swift */; };
		C453B0E428E285230042B671 /* UIPickerView+.swift in Sources */ = {isa = PBXBuildFile; fileRef = C453B0C628E285230042B671 /* UIPickerView+.swift */; };
		C453B0E528E285230042B671 /* Date+.swift in Sources */ = {isa = PBXBuildFile; fileRef = C453B0C728E285230042B671 /* Date+.swift */; };
		C453B0E628E285230042B671 /* DiaryViewModel.swift in Sources */ = {isa = PBXBuildFile; fileRef = C453B0C928E285230042B671 /* DiaryViewModel.swift */; };
		C453B0E728E285230042B671 /* MyTabView.swift in Sources */ = {isa = PBXBuildFile; fileRef = C453B0CB28E285230042B671 /* MyTabView.swift */; };
		C453B0E828E285230042B671 /* ContentView.swift in Sources */ = {isa = PBXBuildFile; fileRef = C453B0CC28E285230042B671 /* ContentView.swift */; };
		C453B0E928E285230042B671 /* AppearanceView.swift in Sources */ = {isa = PBXBuildFile; fileRef = C453B0CE28E285230042B671 /* AppearanceView.swift */; };
		C453B0EA28E285230042B671 /* DiaryView.swift in Sources */ = {isa = PBXBuildFile; fileRef = C453B0CF28E285230042B671 /* DiaryView.swift */; };
		C453B0EB28E285230042B671 /* JournalView.swift in Sources */ = {isa = PBXBuildFile; fileRef = C453B0D028E285230042B671 /* JournalView.swift */; };
		C453B0EC28E285230042B671 /* FavView.swift in Sources */ = {isa = PBXBuildFile; fileRef = C453B0D128E285230042B671 /* FavView.swift */; };
		C453B0ED28E285230042B671 /* SettingView.swift in Sources */ = {isa = PBXBuildFile; fileRef = C453B0D228E285230042B671 /* SettingView.swift */; };
		C4D50A9728E29AE6003BE66B /* README.md in Resources */ = {isa = PBXBuildFile; fileRef = C4D50A9628E29AE6003BE66B /* README.md */; };
		C4D8DDD028E344B900436B70 /* heart3.json in Resources */ = {isa = PBXBuildFile; fileRef = C4D8DDCC28E344B800436B70 /* heart3.json */; };
		C4D8DDD128E344B900436B70 /* heart4.json in Resources */ = {isa = PBXBuildFile; fileRef = C4D8DDCD28E344B800436B70 /* heart4.json */; };
		C4D8DDD228E344B900436B70 /* heart2.json in Resources */ = {isa = PBXBuildFile; fileRef = C4D8DDCE28E344B900436B70 /* heart2.json */; };
		C4D8DDD328E344B900436B70 /* heart5.json in Resources */ = {isa = PBXBuildFile; fileRef = C4D8DDCF28E344B900436B70 /* heart5.json */; };
		C4E54C0F28E2E41600C1B9CA /* BlankButtonStyle.swift in Sources */ = {isa = PBXBuildFile; fileRef = C4E54C0E28E2E41600C1B9CA /* BlankButtonStyle.swift */; };
		C4E54C1228E2E4C300C1B9CA /* Themes.swift in Sources */ = {isa = PBXBuildFile; fileRef = C4E54C1128E2E4C300C1B9CA /* Themes.swift */; };
		C4E54C1428E317AD00C1B9CA /* MyLottieVIew.swift in Sources */ = {isa = PBXBuildFile; fileRef = C4E54C1328E317AD00C1B9CA /* MyLottieVIew.swift */; };
		C4E54C1728E3191000C1B9CA /* Lottie in Frameworks */ = {isa = PBXBuildFile; productRef = C4E54C1628E3191000C1B9CA /* Lottie */; };
		C4E54C1928E3194A00C1B9CA /* testView.swift in Sources */ = {isa = PBXBuildFile; fileRef = C4E54C1828E3194A00C1B9CA /* testView.swift */; };
		C4E54C1B28E3225D00C1B9CA /* heart1.json in Resources */ = {isa = PBXBuildFile; fileRef = C4E54C1A28E3225D00C1B9CA /* heart1.json */; };
/* End PBXBuildFile section */

/* Begin PBXFileReference section */
		C453B07D28E284A50042B671 /* mwDiary.app */ = {isa = PBXFileReference; explicitFileType = wrapper.application; includeInIndex = 0; path = mwDiary.app; sourceTree = BUILT_PRODUCTS_DIR; };
		C453B08028E284A50042B671 /* mwDiaryApp.swift */ = {isa = PBXFileReference; lastKnownFileType = sourcecode.swift; path = mwDiaryApp.swift; sourceTree = "<group>"; };
		C453B08528E284A50042B671 /* mwDiary.xcdatamodel */ = {isa = PBXFileReference; lastKnownFileType = wrapper.xcdatamodel; path = mwDiary.xcdatamodel; sourceTree = "<group>"; };
		C453B08928E284A80042B671 /* Assets.xcassets */ = {isa = PBXFileReference; lastKnownFileType = folder.assetcatalog; path = Assets.xcassets; sourceTree = "<group>"; };
		C453B08B28E284A80042B671 /* mwDiary.entitlements */ = {isa = PBXFileReference; lastKnownFileType = text.plist.entitlements; path = mwDiary.entitlements; sourceTree = "<group>"; };
		C453B08D28E284A80042B671 /* Preview Assets.xcassets */ = {isa = PBXFileReference; lastKnownFileType = folder.assetcatalog; path = "Preview Assets.xcassets"; sourceTree = "<group>"; };
		C453B0B128E285220042B671 /* mmDiaryStore.storekit */ = {isa = PBXFileReference; fileEncoding = 4; lastKnownFileType = text; path = mmDiaryStore.storekit; sourceTree = "<group>"; };
		C453B0B328E285220042B671 /* write.json */ = {isa = PBXFileReference; fileEncoding = 4; lastKnownFileType = text.json; path = write.json; sourceTree = "<group>"; };
		C453B0B428E285220042B671 /* hi.json */ = {isa = PBXFileReference; fileEncoding = 4; lastKnownFileType = text.json; path = hi.json; sourceTree = "<group>"; };
		C453B0B528E285220042B671 /* Store.swift */ = {isa = PBXFileReference; fileEncoding = 4; lastKnownFileType = sourcecode.swift; path = Store.swift; sourceTree = "<group>"; };
		C453B0B728E285220042B671 /* MyTextFieldWithUIKit.swift */ = {isa = PBXFileReference; fileEncoding = 4; lastKnownFileType = sourcecode.swift; path = MyTextFieldWithUIKit.swift; sourceTree = "<group>"; };
		C453B0B828E285220042B671 /* DiaryCardView.swift */ = {isa = PBXFileReference; fileEncoding = 4; lastKnownFileType = sourcecode.swift; path = DiaryCardView.swift; sourceTree = "<group>"; };
		C453B0B928E285220042B671 /* DiaryListView.swift */ = {isa = PBXFileReference; fileEncoding = 4; lastKnownFileType = sourcecode.swift; path = DiaryListView.swift; sourceTree = "<group>"; };
		C453B0BA28E285220042B671 /* ToastAlertView.swift */ = {isa = PBXFileReference; fileEncoding = 4; lastKnownFileType = sourcecode.swift; path = ToastAlertView.swift; sourceTree = "<group>"; };
		C453B0BB28E285220042B671 /* MyDatePicker.swift */ = {isa = PBXFileReference; fileEncoding = 4; lastKnownFileType = sourcecode.swift; path = MyDatePicker.swift; sourceTree = "<group>"; };
		C453B0BC28E285220042B671 /* DiaryCardLayOutView.swift */ = {isa = PBXFileReference; fileEncoding = 4; lastKnownFileType = sourcecode.swift; path = DiaryCardLayOutView.swift; sourceTree = "<group>"; };
		C453B0BD28E285220042B671 /* DiaryEditView.swift */ = {isa = PBXFileReference; fileEncoding = 4; lastKnownFileType = sourcecode.swift; path = DiaryEditView.swift; sourceTree = "<group>"; };
		C453B0BF28E285220042B671 /* AppIcon.swift */ = {isa = PBXFileReference; fileEncoding = 4; lastKnownFileType = sourcecode.swift; path = AppIcon.swift; sourceTree = "<group>"; };
		C453B0C028E285220042B671 /* PreferenceKey.swift */ = {isa = PBXFileReference; fileEncoding = 4; lastKnownFileType = sourcecode.swift; path = PreferenceKey.swift; sourceTree = "<group>"; };
		C453B0C128E285220042B671 /* Tab.swift */ = {isa = PBXFileReference; fileEncoding = 4; lastKnownFileType = sourcecode.swift; path = Tab.swift; sourceTree = "<group>"; };
		C453B0C328E285230042B671 /* MyDefaultValue.swift */ = {isa = PBXFileReference; fileEncoding = 4; lastKnownFileType = sourcecode.swift; path = MyDefaultValue.swift; sourceTree = "<group>"; };
		C453B0C428E285230042B671 /* Color+.swift */ = {isa = PBXFileReference; fileEncoding = 4; lastKnownFileType = sourcecode.swift; path = "Color+.swift"; sourceTree = "<group>"; };
		C453B0C528E285230042B671 /* MyFormatter.swift */ = {isa = PBXFileReference; fileEncoding = 4; lastKnownFileType = sourcecode.swift; path = MyFormatter.swift; sourceTree = "<group>"; };
		C453B0C628E285230042B671 /* UIPickerView+.swift */ = {isa = PBXFileReference; fileEncoding = 4; lastKnownFileType = sourcecode.swift; path = "UIPickerView+.swift"; sourceTree = "<group>"; };
		C453B0C728E285230042B671 /* Date+.swift */ = {isa = PBXFileReference; fileEncoding = 4; lastKnownFileType = sourcecode.swift; path = "Date+.swift"; sourceTree = "<group>"; };
		C453B0C928E285230042B671 /* DiaryViewModel.swift */ = {isa = PBXFileReference; fileEncoding = 4; lastKnownFileType = sourcecode.swift; path = DiaryViewModel.swift; sourceTree = "<group>"; };
		C453B0CB28E285230042B671 /* MyTabView.swift */ = {isa = PBXFileReference; fileEncoding = 4; lastKnownFileType = sourcecode.swift; path = MyTabView.swift; sourceTree = "<group>"; };
		C453B0CC28E285230042B671 /* ContentView.swift */ = {isa = PBXFileReference; fileEncoding = 4; lastKnownFileType = sourcecode.swift; path = ContentView.swift; sourceTree = "<group>"; };
		C453B0CE28E285230042B671 /* AppearanceView.swift */ = {isa = PBXFileReference; fileEncoding = 4; lastKnownFileType = sourcecode.swift; path = AppearanceView.swift; sourceTree = "<group>"; };
		C453B0CF28E285230042B671 /* DiaryView.swift */ = {isa = PBXFileReference; fileEncoding = 4; lastKnownFileType = sourcecode.swift; path = DiaryView.swift; sourceTree = "<group>"; };
		C453B0D028E285230042B671 /* JournalView.swift */ = {isa = PBXFileReference; fileEncoding = 4; lastKnownFileType = sourcecode.swift; path = JournalView.swift; sourceTree = "<group>"; };
		C453B0D128E285230042B671 /* FavView.swift */ = {isa = PBXFileReference; fileEncoding = 4; lastKnownFileType = sourcecode.swift; path = FavView.swift; sourceTree = "<group>"; };
		C453B0D228E285230042B671 /* SettingView.swift */ = {isa = PBXFileReference; fileEncoding = 4; lastKnownFileType = sourcecode.swift; path = SettingView.swift; sourceTree = "<group>"; };
		C471F71428E3358E00E6D9D7 /* Info.plist */ = {isa = PBXFileReference; lastKnownFileType = text.plist; path = Info.plist; sourceTree = "<group>"; };
		C4D50A9628E29AE6003BE66B /* README.md */ = {isa = PBXFileReference; fileEncoding = 4; lastKnownFileType = net.daringfireball.markdown; path = README.md; sourceTree = "<group>"; };
		C4D8DDCC28E344B800436B70 /* heart3.json */ = {isa = PBXFileReference; fileEncoding = 4; lastKnownFileType = text.json; path = heart3.json; sourceTree = "<group>"; };
		C4D8DDCD28E344B800436B70 /* heart4.json */ = {isa = PBXFileReference; fileEncoding = 4; lastKnownFileType = text.json; path = heart4.json; sourceTree = "<group>"; };
		C4D8DDCE28E344B900436B70 /* heart2.json */ = {isa = PBXFileReference; fileEncoding = 4; lastKnownFileType = text.json; path = heart2.json; sourceTree = "<group>"; };
		C4D8DDCF28E344B900436B70 /* heart5.json */ = {isa = PBXFileReference; fileEncoding = 4; lastKnownFileType = text.json; path = heart5.json; sourceTree = "<group>"; };
		C4E54C0E28E2E41600C1B9CA /* BlankButtonStyle.swift */ = {isa = PBXFileReference; lastKnownFileType = sourcecode.swift; path = BlankButtonStyle.swift; sourceTree = "<group>"; };
		C4E54C1128E2E4C300C1B9CA /* Themes.swift */ = {isa = PBXFileReference; lastKnownFileType = sourcecode.swift; path = Themes.swift; sourceTree = "<group>"; };
		C4E54C1328E317AD00C1B9CA /* MyLottieVIew.swift */ = {isa = PBXFileReference; lastKnownFileType = sourcecode.swift; path = MyLottieVIew.swift; sourceTree = "<group>"; };
		C4E54C1828E3194A00C1B9CA /* testView.swift */ = {isa = PBXFileReference; lastKnownFileType = sourcecode.swift; path = testView.swift; sourceTree = "<group>"; };
		C4E54C1A28E3225D00C1B9CA /* heart1.json */ = {isa = PBXFileReference; fileEncoding = 4; lastKnownFileType = text.json; path = heart1.json; sourceTree = "<group>"; };
/* End PBXFileReference section */

/* Begin PBXFrameworksBuildPhase section */
		C453B07A28E284A50042B671 /* Frameworks */ = {
			isa = PBXFrameworksBuildPhase;
			buildActionMask = 2147483647;
			files = (
				C4E54C1728E3191000C1B9CA /* Lottie in Frameworks */,
			);
			runOnlyForDeploymentPostprocessing = 0;
		};
/* End PBXFrameworksBuildPhase section */

/* Begin PBXGroup section */
		C453B07428E284A50042B671 = {
			isa = PBXGroup;
			children = (
				C4D50A9628E29AE6003BE66B /* README.md */,
				C453B07F28E284A50042B671 /* mwDiary */,
				C453B07E28E284A50042B671 /* Products */,
			);
			sourceTree = "<group>";
		};
		C453B07E28E284A50042B671 /* Products */ = {
			isa = PBXGroup;
			children = (
				C453B07D28E284A50042B671 /* mwDiary.app */,
			);
			name = Products;
			sourceTree = "<group>";
		};
		C453B07F28E284A50042B671 /* mwDiary */ = {
			isa = PBXGroup;
			children = (
				C471F71428E3358E00E6D9D7 /* Info.plist */,
				C453B08428E284A50042B671 /* mwDiary.xcdatamodeld */,
				C453B08B28E284A80042B671 /* mwDiary.entitlements */,
				C453B08928E284A80042B671 /* Assets.xcassets */,
				C453B08028E284A50042B671 /* mwDiaryApp.swift */,
				C453B0CA28E285230042B671 /* Nav */,
				C453B0CD28E285230042B671 /* View */,
				C453B0BE28E285220042B671 /* Model */,
				C453B0C828E285230042B671 /* ViewModel */,
				C453B0C228E285230042B671 /* Extension */,
				C453B0B028E285220042B671 /* Resources */,
			);
			path = mwDiary;
			sourceTree = "<group>";
		};
		C453B08C28E284A80042B671 /* Preview Content */ = {
			isa = PBXGroup;
			children = (
				C453B08D28E284A80042B671 /* Preview Assets.xcassets */,
			);
			path = "Preview Content";
			sourceTree = "<group>";
		};
		C453B0B028E285220042B671 /* Resources */ = {
			isa = PBXGroup;
			children = (
				C453B08C28E284A80042B671 /* Preview Content */,
				C453B0B228E285220042B671 /* lottie */,
				C453B0B128E285220042B671 /* mmDiaryStore.storekit */,
				C453B0B528E285220042B671 /* Store.swift */,
			);
			path = Resources;
			sourceTree = "<group>";
		};
		C453B0B228E285220042B671 /* lottie */ = {
			isa = PBXGroup;
			children = (
				C4D8DDCE28E344B900436B70 /* heart2.json */,
				C4D8DDCC28E344B800436B70 /* heart3.json */,
				C4D8DDCD28E344B800436B70 /* heart4.json */,
				C4D8DDCF28E344B900436B70 /* heart5.json */,
				C4E54C1A28E3225D00C1B9CA /* heart1.json */,
				C453B0B328E285220042B671 /* write.json */,
				C453B0B428E285220042B671 /* hi.json */,
			);
			path = lottie;
			sourceTree = "<group>";
		};
		C453B0B628E285220042B671 /* Components */ = {
			isa = PBXGroup;
			children = (
				C453B0B828E285220042B671 /* DiaryCardView.swift */,
				C453B0BC28E285220042B671 /* DiaryCardLayOutView.swift */,
				C453B0B928E285220042B671 /* DiaryListView.swift */,
				C453B0BA28E285220042B671 /* ToastAlertView.swift */,
				C453B0BB28E285220042B671 /* MyDatePicker.swift */,
				C453B0B728E285220042B671 /* MyTextFieldWithUIKit.swift */,
				C453B0BD28E285220042B671 /* DiaryEditView.swift */,
			);
			path = Components;
			sourceTree = "<group>";
		};
		C453B0BE28E285220042B671 /* Model */ = {
			isa = PBXGroup;
			children = (
				C453B0BF28E285220042B671 /* AppIcon.swift */,
				C453B0C028E285220042B671 /* PreferenceKey.swift */,
				C453B0C128E285220042B671 /* Tab.swift */,
				C4E54C1128E2E4C300C1B9CA /* Themes.swift */,
			);
			path = Model;
			sourceTree = "<group>";
		};
		C453B0C228E285230042B671 /* Extension */ = {
			isa = PBXGroup;
			children = (
				C4E54C1328E317AD00C1B9CA /* MyLottieVIew.swift */,
				C4E54C1028E2E41F00C1B9CA /* Style */,
				C453B0C728E285230042B671 /* Date+.swift */,
				C453B0C428E285230042B671 /* Color+.swift */,
				C453B0C628E285230042B671 /* UIPickerView+.swift */,
				C453B0C528E285230042B671 /* MyFormatter.swift */,
				C453B0C328E285230042B671 /* MyDefaultValue.swift */,
			);
			path = Extension;
			sourceTree = "<group>";
		};
		C453B0C828E285230042B671 /* ViewModel */ = {
			isa = PBXGroup;
			children = (
				C453B0C928E285230042B671 /* DiaryViewModel.swift */,
			);
			path = ViewModel;
			sourceTree = "<group>";
		};
		C453B0CA28E285230042B671 /* Nav */ = {
			isa = PBXGroup;
			children = (
				C453B0CC28E285230042B671 /* ContentView.swift */,
				C453B0CB28E285230042B671 /* MyTabView.swift */,
				C4E54C1828E3194A00C1B9CA /* testView.swift */,
			);
			path = Nav;
			sourceTree = "<group>";
		};
		C453B0CD28E285230042B671 /* View */ = {
			isa = PBXGroup;
			children = (
				C453B0CF28E285230042B671 /* DiaryView.swift */,
				C453B0D028E285230042B671 /* JournalView.swift */,
				C453B0D128E285230042B671 /* FavView.swift */,
				C453B0D228E285230042B671 /* SettingView.swift */,
				C453B0CE28E285230042B671 /* AppearanceView.swift */,
				C453B0B628E285220042B671 /* Components */,
			);
			path = View;
			sourceTree = "<group>";
		};
		C4E54C1028E2E41F00C1B9CA /* Style */ = {
			isa = PBXGroup;
			children = (
				C4E54C0E28E2E41600C1B9CA /* BlankButtonStyle.swift */,
			);
			path = Style;
			sourceTree = "<group>";
		};
/* End PBXGroup section */

/* Begin PBXNativeTarget section */
		C453B07C28E284A50042B671 /* mwDiary */ = {
			isa = PBXNativeTarget;
			buildConfigurationList = C453B0A728E284A90042B671 /* Build configuration list for PBXNativeTarget "mwDiary" */;
			buildPhases = (
				C453B07928E284A50042B671 /* Sources */,
				C453B07A28E284A50042B671 /* Frameworks */,
				C453B07B28E284A50042B671 /* Resources */,
			);
			buildRules = (
			);
			dependencies = (
			);
			name = mwDiary;
			packageProductDependencies = (
				C4E54C1628E3191000C1B9CA /* Lottie */,
			);
			productName = mwDiary;
			productReference = C453B07D28E284A50042B671 /* mwDiary.app */;
			productType = "com.apple.product-type.application";
		};
/* End PBXNativeTarget section */

/* Begin PBXProject section */
		C453B07528E284A50042B671 /* Project object */ = {
			isa = PBXProject;
			attributes = {
				BuildIndependentTargetsInParallel = 1;
				LastSwiftUpdateCheck = 1400;
				LastUpgradeCheck = 1400;
				TargetAttributes = {
					C453B07C28E284A50042B671 = {
						CreatedOnToolsVersion = 14.0;
					};
				};
			};
			buildConfigurationList = C453B07828E284A50042B671 /* Build configuration list for PBXProject "mwDiary" */;
			compatibilityVersion = "Xcode 14.0";
			developmentRegion = en;
			hasScannedForEncodings = 0;
			knownRegions = (
				en,
				Base,
			);
			mainGroup = C453B07428E284A50042B671;
			packageReferences = (
				C4E54C1528E3191000C1B9CA /* XCRemoteSwiftPackageReference "lottie-ios" */,
			);
			productRefGroup = C453B07E28E284A50042B671 /* Products */;
			projectDirPath = "";
			projectRoot = "";
			targets = (
				C453B07C28E284A50042B671 /* mwDiary */,
			);
		};
/* End PBXProject section */

/* Begin PBXResourcesBuildPhase section */
		C453B07B28E284A50042B671 /* Resources */ = {
			isa = PBXResourcesBuildPhase;
			buildActionMask = 2147483647;
			files = (
				C4D50A9728E29AE6003BE66B /* README.md in Resources */,
				C4D8DDD328E344B900436B70 /* heart5.json in Resources */,
				C453B08E28E284A80042B671 /* Preview Assets.xcassets in Resources */,
				C4D8DDD028E344B900436B70 /* heart3.json in Resources */,
				C4D8DDD128E344B900436B70 /* heart4.json in Resources */,
				C453B0D428E285230042B671 /* write.json in Resources */,
				C453B0D328E285230042B671 /* mmDiaryStore.storekit in Resources */,
				C4E54C1B28E3225D00C1B9CA /* heart1.json in Resources */,
				C453B0D528E285230042B671 /* hi.json in Resources */,
				C453B08A28E284A80042B671 /* Assets.xcassets in Resources */,
				C4D8DDD228E344B900436B70 /* heart2.json in Resources */,
			);
			runOnlyForDeploymentPostprocessing = 0;
		};
/* End PBXResourcesBuildPhase section */

/* Begin PBXSourcesBuildPhase section */
		C453B07928E284A50042B671 /* Sources */ = {
			isa = PBXSourcesBuildPhase;
			buildActionMask = 2147483647;
			files = (
				C4E54C1428E317AD00C1B9CA /* MyLottieVIew.swift in Sources */,
				C453B0D728E285230042B671 /* MyTextFieldWithUIKit.swift in Sources */,
				C453B0D628E285230042B671 /* Store.swift in Sources */,
				C453B0D828E285230042B671 /* DiaryCardView.swift in Sources */,
				C453B0E228E285230042B671 /* Color+.swift in Sources */,
				C453B0E428E285230042B671 /* UIPickerView+.swift in Sources */,
				C453B0EA28E285230042B671 /* DiaryView.swift in Sources */,
				C453B0EC28E285230042B671 /* FavView.swift in Sources */,
				C4E54C0F28E2E41600C1B9CA /* BlankButtonStyle.swift in Sources */,
				C453B08628E284A50042B671 /* mwDiary.xcdatamodeld in Sources */,
				C453B0DA28E285230042B671 /* ToastAlertView.swift in Sources */,
				C453B0E528E285230042B671 /* Date+.swift in Sources */,
				C453B0DE28E285230042B671 /* AppIcon.swift in Sources */,
				C453B08128E284A50042B671 /* mwDiaryApp.swift in Sources */,
				C453B0E928E285230042B671 /* AppearanceView.swift in Sources */,
				C453B0E128E285230042B671 /* MyDefaultValue.swift in Sources */,
				C453B0E728E285230042B671 /* MyTabView.swift in Sources */,
				C453B0E628E285230042B671 /* DiaryViewModel.swift in Sources */,
				C453B0ED28E285230042B671 /* SettingView.swift in Sources */,
				C453B0E328E285230042B671 /* MyFormatter.swift in Sources */,
				C453B0D928E285230042B671 /* DiaryListView.swift in Sources */,
				C453B0DD28E285230042B671 /* DiaryEditView.swift in Sources */,
				C4E54C1228E2E4C300C1B9CA /* Themes.swift in Sources */,
				C453B0E828E285230042B671 /* ContentView.swift in Sources */,
				C453B0EB28E285230042B671 /* JournalView.swift in Sources */,
				C453B0DF28E285230042B671 /* PreferenceKey.swift in Sources */,
				C4E54C1928E3194A00C1B9CA /* testView.swift in Sources */,
				C453B0DC28E285230042B671 /* DiaryCardLayOutView.swift in Sources */,
				C453B0E028E285230042B671 /* Tab.swift in Sources */,
				C453B0DB28E285230042B671 /* MyDatePicker.swift in Sources */,
			);
			runOnlyForDeploymentPostprocessing = 0;
		};
/* End PBXSourcesBuildPhase section */

/* Begin XCBuildConfiguration section */
		C453B0A528E284A90042B671 /* Debug */ = {
			isa = XCBuildConfiguration;
			buildSettings = {
				ALWAYS_SEARCH_USER_PATHS = NO;
				CLANG_ANALYZER_NONNULL = YES;
				CLANG_ANALYZER_NUMBER_OBJECT_CONVERSION = YES_AGGRESSIVE;
				CLANG_CXX_LANGUAGE_STANDARD = "gnu++20";
				CLANG_ENABLE_MODULES = YES;
				CLANG_ENABLE_OBJC_ARC = YES;
				CLANG_ENABLE_OBJC_WEAK = YES;
				CLANG_WARN_BLOCK_CAPTURE_AUTORELEASING = YES;
				CLANG_WARN_BOOL_CONVERSION = YES;
				CLANG_WARN_COMMA = YES;
				CLANG_WARN_CONSTANT_CONVERSION = YES;
				CLANG_WARN_DEPRECATED_OBJC_IMPLEMENTATIONS = YES;
				CLANG_WARN_DIRECT_OBJC_ISA_USAGE = YES_ERROR;
				CLANG_WARN_DOCUMENTATION_COMMENTS = YES;
				CLANG_WARN_EMPTY_BODY = YES;
				CLANG_WARN_ENUM_CONVERSION = YES;
				CLANG_WARN_INFINITE_RECURSION = YES;
				CLANG_WARN_INT_CONVERSION = YES;
				CLANG_WARN_NON_LITERAL_NULL_CONVERSION = YES;
				CLANG_WARN_OBJC_IMPLICIT_RETAIN_SELF = YES;
				CLANG_WARN_OBJC_LITERAL_CONVERSION = YES;
				CLANG_WARN_OBJC_ROOT_CLASS = YES_ERROR;
				CLANG_WARN_QUOTED_INCLUDE_IN_FRAMEWORK_HEADER = YES;
				CLANG_WARN_RANGE_LOOP_ANALYSIS = YES;
				CLANG_WARN_STRICT_PROTOTYPES = YES;
				CLANG_WARN_SUSPICIOUS_MOVE = YES;
				CLANG_WARN_UNGUARDED_AVAILABILITY = YES_AGGRESSIVE;
				CLANG_WARN_UNREACHABLE_CODE = YES;
				CLANG_WARN__DUPLICATE_METHOD_MATCH = YES;
				COPY_PHASE_STRIP = NO;
				DEBUG_INFORMATION_FORMAT = dwarf;
				ENABLE_STRICT_OBJC_MSGSEND = YES;
				ENABLE_TESTABILITY = YES;
				GCC_C_LANGUAGE_STANDARD = gnu11;
				GCC_DYNAMIC_NO_PIC = NO;
				GCC_NO_COMMON_BLOCKS = YES;
				GCC_OPTIMIZATION_LEVEL = 0;
				GCC_PREPROCESSOR_DEFINITIONS = (
					"DEBUG=1",
					"$(inherited)",
				);
				GCC_WARN_64_TO_32_BIT_CONVERSION = YES;
				GCC_WARN_ABOUT_RETURN_TYPE = YES_ERROR;
				GCC_WARN_UNDECLARED_SELECTOR = YES;
				GCC_WARN_UNINITIALIZED_AUTOS = YES_AGGRESSIVE;
				GCC_WARN_UNUSED_FUNCTION = YES;
				GCC_WARN_UNUSED_VARIABLE = YES;
				MTL_ENABLE_DEBUG_INFO = INCLUDE_SOURCE;
				MTL_FAST_MATH = YES;
				ONLY_ACTIVE_ARCH = YES;
				SWIFT_ACTIVE_COMPILATION_CONDITIONS = DEBUG;
				SWIFT_OPTIMIZATION_LEVEL = "-Onone";
			};
			name = Debug;
		};
		C453B0A628E284A90042B671 /* Release */ = {
			isa = XCBuildConfiguration;
			buildSettings = {
				ALWAYS_SEARCH_USER_PATHS = NO;
				CLANG_ANALYZER_NONNULL = YES;
				CLANG_ANALYZER_NUMBER_OBJECT_CONVERSION = YES_AGGRESSIVE;
				CLANG_CXX_LANGUAGE_STANDARD = "gnu++20";
				CLANG_ENABLE_MODULES = YES;
				CLANG_ENABLE_OBJC_ARC = YES;
				CLANG_ENABLE_OBJC_WEAK = YES;
				CLANG_WARN_BLOCK_CAPTURE_AUTORELEASING = YES;
				CLANG_WARN_BOOL_CONVERSION = YES;
				CLANG_WARN_COMMA = YES;
				CLANG_WARN_CONSTANT_CONVERSION = YES;
				CLANG_WARN_DEPRECATED_OBJC_IMPLEMENTATIONS = YES;
				CLANG_WARN_DIRECT_OBJC_ISA_USAGE = YES_ERROR;
				CLANG_WARN_DOCUMENTATION_COMMENTS = YES;
				CLANG_WARN_EMPTY_BODY = YES;
				CLANG_WARN_ENUM_CONVERSION = YES;
				CLANG_WARN_INFINITE_RECURSION = YES;
				CLANG_WARN_INT_CONVERSION = YES;
				CLANG_WARN_NON_LITERAL_NULL_CONVERSION = YES;
				CLANG_WARN_OBJC_IMPLICIT_RETAIN_SELF = YES;
				CLANG_WARN_OBJC_LITERAL_CONVERSION = YES;
				CLANG_WARN_OBJC_ROOT_CLASS = YES_ERROR;
				CLANG_WARN_QUOTED_INCLUDE_IN_FRAMEWORK_HEADER = YES;
				CLANG_WARN_RANGE_LOOP_ANALYSIS = YES;
				CLANG_WARN_STRICT_PROTOTYPES = YES;
				CLANG_WARN_SUSPICIOUS_MOVE = YES;
				CLANG_WARN_UNGUARDED_AVAILABILITY = YES_AGGRESSIVE;
				CLANG_WARN_UNREACHABLE_CODE = YES;
				CLANG_WARN__DUPLICATE_METHOD_MATCH = YES;
				COPY_PHASE_STRIP = NO;
				DEBUG_INFORMATION_FORMAT = "dwarf-with-dsym";
				ENABLE_NS_ASSERTIONS = NO;
				ENABLE_STRICT_OBJC_MSGSEND = YES;
				GCC_C_LANGUAGE_STANDARD = gnu11;
				GCC_NO_COMMON_BLOCKS = YES;
				GCC_WARN_64_TO_32_BIT_CONVERSION = YES;
				GCC_WARN_ABOUT_RETURN_TYPE = YES_ERROR;
				GCC_WARN_UNDECLARED_SELECTOR = YES;
				GCC_WARN_UNINITIALIZED_AUTOS = YES_AGGRESSIVE;
				GCC_WARN_UNUSED_FUNCTION = YES;
				GCC_WARN_UNUSED_VARIABLE = YES;
				MTL_ENABLE_DEBUG_INFO = NO;
				MTL_FAST_MATH = YES;
				SWIFT_COMPILATION_MODE = wholemodule;
				SWIFT_OPTIMIZATION_LEVEL = "-O";
			};
			name = Release;
		};
		C453B0A828E284A90042B671 /* Debug */ = {
			isa = XCBuildConfiguration;
			buildSettings = {
				ASSETCATALOG_COMPILER_APPICON_NAME = "AppIcon 1";
				ASSETCATALOG_COMPILER_GLOBAL_ACCENT_COLOR_NAME = AccentColor;
				ASSETCATALOG_COMPILER_INCLUDE_ALL_APPICON_ASSETS = YES;
				CODE_SIGN_ENTITLEMENTS = mwDiary/mwDiary.entitlements;
				CODE_SIGN_STYLE = Automatic;
				CURRENT_PROJECT_VERSION = 1;
				DEVELOPMENT_ASSET_PATHS = "mwDiary/Resources/Preview\\ Content";
				DEVELOPMENT_TEAM = DSHX4V92NH;
				ENABLE_HARDENED_RUNTIME = YES;
				ENABLE_PREVIEWS = YES;
				GENERATE_INFOPLIST_FILE = YES;
				INFOPLIST_FILE = mwDiary/Info.plist;
				INFOPLIST_KEY_LSApplicationCategoryType = "public.app-category.utilities";
				"INFOPLIST_KEY_UIApplicationSceneManifest_Generation[sdk=iphoneos*]" = YES;
				"INFOPLIST_KEY_UIApplicationSceneManifest_Generation[sdk=iphonesimulator*]" = YES;
				"INFOPLIST_KEY_UIApplicationSupportsIndirectInputEvents[sdk=iphoneos*]" = YES;
				"INFOPLIST_KEY_UIApplicationSupportsIndirectInputEvents[sdk=iphonesimulator*]" = YES;
				"INFOPLIST_KEY_UILaunchScreen_Generation[sdk=iphoneos*]" = YES;
				"INFOPLIST_KEY_UILaunchScreen_Generation[sdk=iphonesimulator*]" = YES;
				INFOPLIST_KEY_UIStatusBarStyle = "";
				"INFOPLIST_KEY_UIStatusBarStyle[sdk=iphoneos*]" = UIStatusBarStyleDefault;
				"INFOPLIST_KEY_UIStatusBarStyle[sdk=iphonesimulator*]" = UIStatusBarStyleDefault;
				INFOPLIST_KEY_UISupportedInterfaceOrientations_iPad = "UIInterfaceOrientationPortrait UIInterfaceOrientationPortraitUpsideDown UIInterfaceOrientationLandscapeLeft UIInterfaceOrientationLandscapeRight";
				INFOPLIST_KEY_UISupportedInterfaceOrientations_iPhone = "UIInterfaceOrientationPortrait UIInterfaceOrientationLandscapeLeft UIInterfaceOrientationLandscapeRight";
				IPHONEOS_DEPLOYMENT_TARGET = 15.0;
				LD_RUNPATH_SEARCH_PATHS = "@executable_path/Frameworks";
				"LD_RUNPATH_SEARCH_PATHS[sdk=macosx*]" = "@executable_path/../Frameworks";
				MARKETING_VERSION = 0.8;
				PRODUCT_BUNDLE_IDENTIFIER = wxm.mwDiary;
				PRODUCT_NAME = "$(TARGET_NAME)";
				SDKROOT = iphoneos;
				SUPPORTED_PLATFORMS = "iphonesimulator iphoneos";
				SUPPORTS_MACCATALYST = NO;
				SUPPORTS_MAC_DESIGNED_FOR_IPHONE_IPAD = NO;
				SWIFT_EMIT_LOC_STRINGS = YES;
				SWIFT_VERSION = 5.0;
				TARGETED_DEVICE_FAMILY = "1,2";
			};
			name = Debug;
		};
		C453B0A928E284A90042B671 /* Release */ = {
			isa = XCBuildConfiguration;
			buildSettings = {
				ASSETCATALOG_COMPILER_APPICON_NAME = "AppIcon 1";
				ASSETCATALOG_COMPILER_GLOBAL_ACCENT_COLOR_NAME = AccentColor;
				ASSETCATALOG_COMPILER_INCLUDE_ALL_APPICON_ASSETS = YES;
				CODE_SIGN_ENTITLEMENTS = mwDiary/mwDiary.entitlements;
				CODE_SIGN_STYLE = Automatic;
				CURRENT_PROJECT_VERSION = 1;
				DEVELOPMENT_ASSET_PATHS = "mwDiary/Resources/Preview\\ Content";
				DEVELOPMENT_TEAM = DSHX4V92NH;
				ENABLE_HARDENED_RUNTIME = YES;
				ENABLE_PREVIEWS = YES;
				GENERATE_INFOPLIST_FILE = YES;
				INFOPLIST_FILE = mwDiary/Info.plist;
				INFOPLIST_KEY_LSApplicationCategoryType = "public.app-category.utilities";
				"INFOPLIST_KEY_UIApplicationSceneManifest_Generation[sdk=iphoneos*]" = YES;
				"INFOPLIST_KEY_UIApplicationSceneManifest_Generation[sdk=iphonesimulator*]" = YES;
				"INFOPLIST_KEY_UIApplicationSupportsIndirectInputEvents[sdk=iphoneos*]" = YES;
				"INFOPLIST_KEY_UIApplicationSupportsIndirectInputEvents[sdk=iphonesimulator*]" = YES;
				"INFOPLIST_KEY_UILaunchScreen_Generation[sdk=iphoneos*]" = YES;
				"INFOPLIST_KEY_UILaunchScreen_Generation[sdk=iphonesimulator*]" = YES;
				INFOPLIST_KEY_UIStatusBarStyle = "";
				"INFOPLIST_KEY_UIStatusBarStyle[sdk=iphoneos*]" = UIStatusBarStyleDefault;
				"INFOPLIST_KEY_UIStatusBarStyle[sdk=iphonesimulator*]" = UIStatusBarStyleDefault;
				INFOPLIST_KEY_UISupportedInterfaceOrientations_iPad = "UIInterfaceOrientationPortrait UIInterfaceOrientationPortraitUpsideDown UIInterfaceOrientationLandscapeLeft UIInterfaceOrientationLandscapeRight";
				INFOPLIST_KEY_UISupportedInterfaceOrientations_iPhone = "UIInterfaceOrientationPortrait UIInterfaceOrientationLandscapeLeft UIInterfaceOrientationLandscapeRight";
				IPHONEOS_DEPLOYMENT_TARGET = 15.0;
				LD_RUNPATH_SEARCH_PATHS = "@executable_path/Frameworks";
				"LD_RUNPATH_SEARCH_PATHS[sdk=macosx*]" = "@executable_path/../Frameworks";
				MARKETING_VERSION = 0.8;
				PRODUCT_BUNDLE_IDENTIFIER = wxm.mwDiary;
				PRODUCT_NAME = "$(TARGET_NAME)";
				SDKROOT = iphoneos;
				SUPPORTED_PLATFORMS = "iphonesimulator iphoneos";
				SUPPORTS_MACCATALYST = NO;
				SUPPORTS_MAC_DESIGNED_FOR_IPHONE_IPAD = NO;
				SWIFT_EMIT_LOC_STRINGS = YES;
				SWIFT_VERSION = 5.0;
				TARGETED_DEVICE_FAMILY = "1,2";
			};
			name = Release;
		};
/* End XCBuildConfiguration section */

/* Begin XCConfigurationList section */
		C453B07828E284A50042B671 /* Build configuration list for PBXProject "mwDiary" */ = {
			isa = XCConfigurationList;
			buildConfigurations = (
				C453B0A528E284A90042B671 /* Debug */,
				C453B0A628E284A90042B671 /* Release */,
			);
			defaultConfigurationIsVisible = 0;
			defaultConfigurationName = Release;
		};
		C453B0A728E284A90042B671 /* Build configuration list for PBXNativeTarget "mwDiary" */ = {
			isa = XCConfigurationList;
			buildConfigurations = (
				C453B0A828E284A90042B671 /* Debug */,
				C453B0A928E284A90042B671 /* Release */,
			);
			defaultConfigurationIsVisible = 0;
			defaultConfigurationName = Release;
		};
/* End XCConfigurationList section */

/* Begin XCRemoteSwiftPackageReference section */
		C4E54C1528E3191000C1B9CA /* XCRemoteSwiftPackageReference "lottie-ios" */ = {
			isa = XCRemoteSwiftPackageReference;
			repositoryURL = "https://github.com/airbnb/lottie-ios.git";
			requirement = {
				kind = upToNextMajorVersion;
				minimumVersion = 3.0.0;
			};
		};
/* End XCRemoteSwiftPackageReference section */

/* Begin XCSwiftPackageProductDependency section */
		C4E54C1628E3191000C1B9CA /* Lottie */ = {
			isa = XCSwiftPackageProductDependency;
			package = C4E54C1528E3191000C1B9CA /* XCRemoteSwiftPackageReference "lottie-ios" */;
			productName = Lottie;
		};
/* End XCSwiftPackageProductDependency section */

/* Begin XCVersionGroup section */
		C453B08428E284A50042B671 /* mwDiary.xcdatamodeld */ = {
			isa = XCVersionGroup;
			children = (
				C453B08528E284A50042B671 /* mwDiary.xcdatamodel */,
			);
			currentVersion = C453B08528E284A50042B671 /* mwDiary.xcdatamodel */;
			path = mwDiary.xcdatamodeld;
			sourceTree = "<group>";
			versionGroupType = wrapper.xcdatamodel;
		};
/* End XCVersionGroup section */
	};
	rootObject = C453B07528E284A50042B671 /* Project object */;
}
